{
  "name": "@xgsail-e1/capacitor",
  "version": "0.1.0",
  "lockfileVersion": 3,
  "requires": true,
  "packages": {
    "": {
      "name": "@xgsail-e1/capacitor",
      "version": "0.1.0",
      "license": "Apache-2.0",
      "devDependencies": {
        "@aparajita/capacitor-secure-storage": "^8.0.0",
        "@capacitor-community/bluetooth-le": "^8.2.0",
        "@capacitor/core": "^8.4.2",
        "typescript": "^5.5.0"
      },
      "peerDependencies": {
        "@aparajita/capacitor-secure-storage": "^8.0.0",
        "@capacitor-community/bluetooth-le": "^8.0.0",
        "@capacitor/core": "^8.0.0"
      },
      "peerDependenciesMeta": {
        "@aparajita/capacitor-secure-storage": {
          "optional": true
        }
      }
    },
    "node_modules/@aparajita/capacitor-secure-storage": {
      "version": "8.0.0",
      "resolved": "https://registry.npmjs.org/@aparajita/capacitor-secure-storage/-/capacitor-secure-storage-8.0.0.tgz",
      "integrity": "sha512-oYnwSjdIh23aRNgz8982+TmFvQH/2yZkEdw1iIg+H2ziFJoOVELPTc7u6Ez2HwOuDIW5AGqBX75GvrzQ+D70Qg==",
      "dev": true,
      "license": "MIT",
      "dependencies": {
        "@capacitor/android": "^8.0.2",
        "@capacitor/app": "^8.0.0",
        "@capacitor/core": "^8.0.2",
        "@capacitor/ios": "^8.0.2",
        "@capacitor/keyboard": "^8.0.0"
      },
      "engines": {
        "node": ">=20.0.0"
      }
    },
    "node_modules/@capacitor-community/bluetooth-le": {
      "version": "8.2.0",
      "resolved": "https://registry.npmjs.org/@capacitor-community/bluetooth-le/-/bluetooth-le-8.2.0.tgz",
      "integrity": "sha512-wsy2h9sVcXaynyb3Nf9fVZklnQHDtIfT4fc6iL9McZvi19rDJ5aCoEBqa4wch5RywbF3Ic1W/StKuHJuWUumiQ==",
      "dev": true,
      "license": "MIT",
      "dependencies": {
        "@types/web-bluetooth": "^0.0.20"
      },
      "peerDependencies": {
        "@capacitor/core": ">=8.0.0"
      }
    },
    "node_modules/@capacitor/android": {
      "version": "8.4.2",
      "resolved": "https://registry.npmjs.org/@capacitor/android/-/android-8.4.2.tgz",
      "integrity": "sha512-bzf8XZ9C+ePgOQ+e+T0fnhHGH4aCNY494vvSQIF5w4AY07RwEmkFqZs1678DDSMH0hLSQpxEwXGFNUVcXO6bBA==",
      "dev": true,
      "license": "MIT",
      "peerDependencies": {
        "@capacitor/core": "^8.4.0"
      }
    },
    "node_modules/@capacitor/app": {
      "version": "8.1.1",
      "resolved": "https://registry.npmjs.org/@capacitor/app/-/app-8.1.1.tgz",
      "integrity": "sha512-xM2ZTX5jK60tFtmjsmJv+Cdj1Qsb6NcavkqmdEnCPQBeya9oKhamZJxYOnQNj1ZvcJM7sWfG6BEtSLx42pisbA==",
      "dev": true,
      "license": "MIT",
      "peerDependencies": {
        "@capacitor/core": ">=8.0.0"
      }
    },
    "node_modules/@capacitor/core": {
      "version": "8.4.2",
      "resolved": "https://registry.npmjs.org/@capacitor/core/-/core-8.4.2.tgz",
      "integrity": "sha512-fQPRb3JXRaU2pnufDUvqOjhsrYxDQeFRZyaj/sHydIUxD2NxOGHKMpmKUdI+U4OOmKuGZyvRpi7TSJU+7Bjbmg==",
      "dev": true,
      "license": "MIT",
      "dependencies": {
        "tslib": "^2.1.0"
      }
    },
    "node_modules/@capacitor/ios": {
      "version": "8.4.2",
      "resolved": "https://registry.npmjs.org/@capacitor/ios/-/ios-8.4.2.tgz",
      "integrity": "sha512-ClVzIjK++yRjsRPOpdEzhsZfbHfoEc0f4M6vD0v7sWh0qcoF6NkxNAeHpWTn4OPJpJfpGGoYsq+IfEHrYyBiWA==",
      "dev": true,
      "license": "MIT",
      "peerDependencies": {
        "@capacitor/core": "^8.4.0"
      }
    },
    "node_modules/@capacitor/keyboard": {
      "version": "8.0.5",
      "resolved": "https://registry.npmjs.org/@capacitor/keyboard/-/keyboard-8.0.5.tgz",
      "integrity": "sha512-oFXygC4eKYA5l2MdpTR06L2M/4x6e2SLD5yS1T9+UBDKTkzyvhWKEhbYLUaTIBPpLKqlfGudJw1X73S1H9eUzQ==",
      "dev": true,
      "license": "MIT",
      "peerDependencies": {
        "@capacitor/core": ">=8.0.0"
      }
    },
    "node_modules/@types/web-bluetooth": {
      "version": "0.0.20",
      "resolved": "https://registry.npmjs.org/@types/web-bluetooth/-/web-bluetooth-0.0.20.tgz",
      "integrity": "sha512-g9gZnnXVq7gM7v3tJCWV/qw7w+KeOlSHAhgF9RytFyifW6AF61hdT2ucrYhPq9hLs5JIryeupHV3qGk95dH9ow==",
      "dev": true,
      "license": "MIT"
    },
    "node_modules/tslib": {
      "version": "2.8.1",
      "resolved": "https://registry.npmjs.org/tslib/-/tslib-2.8.1.tgz",
      "integrity": "sha512-oJFu94HQb+KVduSUQL7wnpmqnfmLsOA/nAh6b6EH0wCEoK0/mPeXU6c3wKDV83MkOuHPRHtSXKKU99IBazS/2w==",
      "dev": true,
      "license": "0BSD"
    },
    "node_modules/typescript": {
      "version": "5.9.3",
      "resolved": "https://registry.npmjs.org/typescript/-/typescript-5.9.3.tgz",
      "integrity": "sha512-jl1vZzPDinLr9eUt3J/t7V6FgNEw9QjvBPdysz9KfQDD41fQrC2Y4vKQdiaUpFT4bXlb1RHhLpp8wtm6M5TgSw==",
      "dev": true,
      "license": "Apache-2.0",
      "bin": {
        "tsc": "bin/tsc",
        "tsserver": "bin/tsserver"
      },
      "engines": {
        "node": ">=14.17"
      }
    }
  }
}
